
Microsoft Visual Studio Solution File, Format Version 12.00
# Visual Studio 15
VisualStudioVersion = 15.0.28307.168
MinimumVisualStudioVersion = 10.0.40219.1
Project("{FAE04EC0-301F-11D3-BF4B-00C04F79EFBC}") = "MyFirstForm", "MyFirstForm\MyFirstForm.csproj", "{77E68E02-0D78-419D-8475-593799B08AC5}"
EndProject
Global
	GlobalSection(SolutionConfigurationPlatforms) = preSolution
		Debug|Any CPU = Debug|Any CPU
		Release|Any CPU = Release|Any CPU
	EndGlobalSection
	GlobalSection(ProjectConfigurationPlatforms) = postSolution
		{77E68E02-0D78-419D-8475-593799B08AC5}.Debug|Any CPU.ActiveCfg = Debug|Any CPU
		{77E68E02-0D78-419D-8475-593799B08AC5}.Debug|Any CPU.Build.0 = Debug|Any CPU
		{77E68E02-0D78-419D-8475-593799B08AC5}.Release|Any CPU.ActiveCfg = Release|Any CPU
		{77E68E02-0D78-419D-8475-593799B08AC5}.Release|Any CPU.Build.0 = Release|Any CPU
	EndGlobalSection
	GlobalSection(SolutionProperties) = preSolution
		HideSolutionNode = FALSE
	EndGlobalSection
	GlobalSection(ExtensibilityGlobals) = postSolution
		SolutionGuid = {B39CD84D-16A0-4012-A141-5CAA6EDDC183}
	EndGlobalSection
EndGlobal
